
Microsoft Visual Studio Solution File, Format Version 12.00
# Visual Studio Version 17
VisualStudioVersion = 17.10.34928.147
MinimumVisualStudioVersion = 10.0.40219.1
Project("{9A19103F-16F7-4668-BE54-9A1E7A4F7556}") = "Empresa.Funcionarios.Api", "Empresa.Funcionarios.Api\Empresa.Funcionarios.Api.csproj", "{DF0256DF-D45A-4829-AB5E-69C85D695489}"
EndProject
Project("{FAE04EC0-301F-11D3-BF4B-00C04F79EFBC}") = "Empresa.Funcionarios.Application", "Empresa.Funcionarios.Application\Empresa.Funcionarios.Application.csproj", "{1A1B0151-33F3-404B-A0DB-8EE62E589CA7}"
EndProject
Project("{FAE04EC0-301F-11D3-BF4B-00C04F79EFBC}") = "Empresa.Funcionarios.Domain", "Empresa.Funcionarios.Domain\Empresa.Funcionarios.Domain.csproj", "{7F184C41-40D0-45E3-B4E6-99A8D6940804}"
EndProject
Project("{FAE04EC0-301F-11D3-BF4B-00C04F79EFBC}") = "Empresa.Funcionarios.Data", "Empresa.Funcionarios.Data\Empresa.Funcionarios.Data.csproj", "{8DA475AA-B464-4B87-985A-64AA2CEF38A5}"
EndProject
Project("{FAE04EC0-301F-11D3-BF4B-00C04F79EFBC}") = "Empresa.Funcionarios.Infrastructure", "Empresa.Funcionarios.Infrastructure\Empresa.Funcionarios.Infrastructure.csproj", "{D3E539C4-87BC-4CD5-AC6B-1DAB4E6FBA25}"
EndProject
Project("{2150E333-8FDC-42A3-9474-1A3956D46DE8}") = "Itens de Solução", "Itens de Solução", "{ABF134A1-1F9E-41EF-A637-8703E9FEFB16}"
	ProjectSection(SolutionItems) = preProject
		docker-compose.yml = docker-compose.yml
	EndProjectSection
EndProject
Global
	GlobalSection(SolutionConfigurationPlatforms) = preSolution
		Debug|Any CPU = Debug|Any CPU
		Release|Any CPU = Release|Any CPU
	EndGlobalSection
	GlobalSection(ProjectConfigurationPlatforms) = postSolution
		{DF0256DF-D45A-4829-AB5E-69C85D695489}.Debug|Any CPU.ActiveCfg = Debug|Any CPU
		{DF0256DF-D45A-4829-AB5E-69C85D695489}.Debug|Any CPU.Build.0 = Debug|Any CPU
		{DF0256DF-D45A-4829-AB5E-69C85D695489}.Release|Any CPU.ActiveCfg = Release|Any CPU
		{DF0256DF-D45A-4829-AB5E-69C85D695489}.Release|Any CPU.Build.0 = Release|Any CPU
		{1A1B0151-33F3-404B-A0DB-8EE62E589CA7}.Debug|Any CPU.ActiveCfg = Debug|Any CPU
		{1A1B0151-33F3-404B-A0DB-8EE62E589CA7}.Debug|Any CPU.Build.0 = Debug|Any CPU
		{1A1B0151-33F3-404B-A0DB-8EE62E589CA7}.Release|Any CPU.ActiveCfg = Release|Any CPU
		{1A1B0151-33F3-404B-A0DB-8EE62E589CA7}.Release|Any CPU.Build.0 = Release|Any CPU
		{7F184C41-40D0-45E3-B4E6-99A8D6940804}.Debug|Any CPU.ActiveCfg = Debug|Any CPU
		{7F184C41-40D0-45E3-B4E6-99A8D6940804}.Debug|Any CPU.Build.0 = Debug|Any CPU
		{7F184C41-40D0-45E3-B4E6-99A8D6940804}.Release|Any CPU.ActiveCfg = Release|Any CPU
		{7F184C41-40D0-45E3-B4E6-99A8D6940804}.Release|Any CPU.Build.0 = Release|Any CPU
		{8DA475AA-B464-4B87-985A-64AA2CEF38A5}.Debug|Any CPU.ActiveCfg = Debug|Any CPU
		{8DA475AA-B464-4B87-985A-64AA2CEF38A5}.Debug|Any CPU.Build.0 = Debug|Any CPU
		{8DA475AA-B464-4B87-985A-64AA2CEF38A5}.Release|Any CPU.ActiveCfg = Release|Any CPU
		{8DA475AA-B464-4B87-985A-64AA2CEF38A5}.Release|Any CPU.Build.0 = Release|Any CPU
		{D3E539C4-87BC-4CD5-AC6B-1DAB4E6FBA25}.Debug|Any CPU.ActiveCfg = Debug|Any CPU
		{D3E539C4-87BC-4CD5-AC6B-1DAB4E6FBA25}.Debug|Any CPU.Build.0 = Debug|Any CPU
		{D3E539C4-87BC-4CD5-AC6B-1DAB4E6FBA25}.Release|Any CPU.ActiveCfg = Release|Any CPU
		{D3E539C4-87BC-4CD5-AC6B-1DAB4E6FBA25}.Release|Any CPU.Build.0 = Release|Any CPU
	EndGlobalSection
	GlobalSection(SolutionProperties) = preSolution
		HideSolutionNode = FALSE
	EndGlobalSection
	GlobalSection(ExtensibilityGlobals) = postSolution
		SolutionGuid = {C239EA12-B3D2-4173-9BA7-C4920C1210DE}
	EndGlobalSection
EndGlobal
